
Microsoft Visual Studio Solution File, Format Version 12.00
# Visual Studio 15
VisualStudioVersion = 15.0.28307.168
MinimumVisualStudioVersion = 10.0.40219.1
Project("{FAE04EC0-301F-11D3-BF4B-00C04F79EFBC}") = "shipping", "shipping\shipping.csproj", "{B15578B6-A149-481A-AC76-DFC8C76747A5}"
EndProject
Global
	GlobalSection(SolutionConfigurationPlatforms) = preSolution
		Debug|Any CPU = Debug|Any CPU
		Release|Any CPU = Release|Any CPU
	EndGlobalSection
	GlobalSection(ProjectConfigurationPlatforms) = postSolution
		{B15578B6-A149-481A-AC76-DFC8C76747A5}.Debug|Any CPU.ActiveCfg = Debug|Any CPU
		{B15578B6-A149-481A-AC76-DFC8C76747A5}.Debug|Any CPU.Build.0 = Debug|Any CPU
		{B15578B6-A149-481A-AC76-DFC8C76747A5}.Release|Any CPU.ActiveCfg = Release|Any CPU
		{B15578B6-A149-481A-AC76-DFC8C76747A5}.Release|Any CPU.Build.0 = Release|Any CPU
	EndGlobalSection
	GlobalSection(SolutionProperties) = preSolution
		HideSolutionNode = FALSE
	EndGlobalSection
	GlobalSection(ExtensibilityGlobals) = postSolution
		SolutionGuid = {1C46A122-DF9D-4320-8FA3-5EB17C142107}
	EndGlobalSection
EndGlobal
